
Microsoft Visual Studio Solution File, Format Version 12.00
# Visual Studio Version 17
VisualStudioVersion = 17.3.32819.101
MinimumVisualStudioVersion = 10.0.40219.1
Project("{FAE04EC0-301F-11D3-BF4B-00C04F79EFBC}") = "JWTAuth.WebApi", "JWTAuth.WebApi\JWTAuth.WebApi.csproj", "{D35ACE4E-D8ED-413B-AEF1-830EFE1EC0BB}"
EndProject
Global
	GlobalSection(SolutionConfigurationPlatforms) = preSolution
		Debug|Any CPU = Debug|Any CPU
		Release|Any CPU = Release|Any CPU
	EndGlobalSection
	GlobalSection(ProjectConfigurationPlatforms) = postSolution
		{D35ACE4E-D8ED-413B-AEF1-830EFE1EC0BB}.Debug|Any CPU.ActiveCfg = Debug|Any CPU
		{D35ACE4E-D8ED-413B-AEF1-830EFE1EC0BB}.Debug|Any CPU.Build.0 = Debug|Any CPU
		{D35ACE4E-D8ED-413B-AEF1-830EFE1EC0BB}.Release|Any CPU.ActiveCfg = Release|Any CPU
		{D35ACE4E-D8ED-413B-AEF1-830EFE1EC0BB}.Release|Any CPU.Build.0 = Release|Any CPU
	EndGlobalSection
	GlobalSection(SolutionProperties) = preSolution
		HideSolutionNode = FALSE
	EndGlobalSection
	GlobalSection(ExtensibilityGlobals) = postSolution
		SolutionGuid = {BCACC073-D209-4229-8005-5D88C71B621D}
	EndGlobalSection
EndGlobal
